
Microsoft Visual Studio Solution File, Format Version 12.00
# Visual Studio 15
VisualStudioVersion = 15.0.27428.2005
MinimumVisualStudioVersion = 10.0.40219.1
Project("{FAE04EC0-301F-11D3-BF4B-00C04F79EFBC}") = "PizzaStore.Library", "PizzaStore.Library\PizzaStore.Library.csproj", "{DA20EA5E-C238-49FF-A665-37E23BBB6089}"
EndProject
Project("{FAE04EC0-301F-11D3-BF4B-00C04F79EFBC}") = "PizzaStore.Client", "PizzaStore.Client\PizzaStore.Client.csproj", "{26554F16-55B2-4597-B491-55266AD12769}"
EndProject
Global
	GlobalSection(SolutionConfigurationPlatforms) = preSolution
		Debug|Any CPU = Debug|Any CPU
		Release|Any CPU = Release|Any CPU
	EndGlobalSection
	GlobalSection(ProjectConfigurationPlatforms) = postSolution
		{DA20EA5E-C238-49FF-A665-37E23BBB6089}.Debug|Any CPU.ActiveCfg = Debug|Any CPU
		{DA20EA5E-C238-49FF-A665-37E23BBB6089}.Debug|Any CPU.Build.0 = Debug|Any CPU
		{DA20EA5E-C238-49FF-A665-37E23BBB6089}.Release|Any CPU.ActiveCfg = Release|Any CPU
		{DA20EA5E-C238-49FF-A665-37E23BBB6089}.Release|Any CPU.Build.0 = Release|Any CPU
		{26554F16-55B2-4597-B491-55266AD12769}.Debug|Any CPU.ActiveCfg = Debug|Any CPU
		{26554F16-55B2-4597-B491-55266AD12769}.Debug|Any CPU.Build.0 = Debug|Any CPU
		{26554F16-55B2-4597-B491-55266AD12769}.Release|Any CPU.ActiveCfg = Release|Any CPU
		{26554F16-55B2-4597-B491-55266AD12769}.Release|Any CPU.Build.0 = Release|Any CPU
	EndGlobalSection
	GlobalSection(SolutionProperties) = preSolution
		HideSolutionNode = FALSE
	EndGlobalSection
	GlobalSection(ExtensibilityGlobals) = postSolution
		SolutionGuid = {1A2DF75B-0059-47F7-A850-0DC836F43DDC}
	EndGlobalSection
EndGlobal
